
Microsoft Visual Studio Solution File, Format Version 12.00
Project("{FAE04EC0-301F-11D3-BF4B-00C04F79EFBC}") = "WbNotifier", "WbNotifier\WbNotifier.csproj", "{482887A6-A230-4E51-ACE5-D61402C9CE96}"
EndProject
Project("{FAE04EC0-301F-11D3-BF4B-00C04F79EFBC}") = "WbNotifier.Tests", "WbNotifier.Tests\WbNotifier.Tests.csproj", "{FF2A62EE-2D84-4F0C-9A34-C4FF99234D8E}"
EndProject
Global
	GlobalSection(SolutionConfigurationPlatforms) = preSolution
		Debug|Any CPU = Debug|Any CPU
		Release|Any CPU = Release|Any CPU
	EndGlobalSection
	GlobalSection(ProjectConfigurationPlatforms) = postSolution
		{482887A6-A230-4E51-ACE5-D61402C9CE96}.Debug|Any CPU.ActiveCfg = Debug|Any CPU
		{482887A6-A230-4E51-ACE5-D61402C9CE96}.Debug|Any CPU.Build.0 = Debug|Any CPU
		{482887A6-A230-4E51-ACE5-D61402C9CE96}.Release|Any CPU.ActiveCfg = Release|Any CPU
		{482887A6-A230-4E51-ACE5-D61402C9CE96}.Release|Any CPU.Build.0 = Release|Any CPU
		{FF2A62EE-2D84-4F0C-9A34-C4FF99234D8E}.Debug|Any CPU.ActiveCfg = Debug|Any CPU
		{FF2A62EE-2D84-4F0C-9A34-C4FF99234D8E}.Debug|Any CPU.Build.0 = Debug|Any CPU
		{FF2A62EE-2D84-4F0C-9A34-C4FF99234D8E}.Release|Any CPU.ActiveCfg = Release|Any CPU
		{FF2A62EE-2D84-4F0C-9A34-C4FF99234D8E}.Release|Any CPU.Build.0 = Release|Any CPU
	EndGlobalSection
EndGlobal
